{
    "name": "@jsmodules/models",
    "version": "2.0.10",
    "lockfileVersion": 1,
    "requires": true,
    "dependencies": {
        "@jsmodules/di": {
            "version": "2.0.4",
            "resolved": "https://registry.npmjs.org/@jsmodules/di/-/di-2.0.4.tgz",
            "integrity": "sha512-+P5rxWvEPzIPaNDMtl+hiPguhDQH+1/AL3ZLY5nBO3S1dMcX5qg2PcyaaWTUtz0QSZ3207N2nTie5uIPR0rEpA=="
        },
        "axios": {
            "version": "0.21.1",
            "resolved": "https://registry.npmjs.org/axios/-/axios-0.21.1.tgz",
            "integrity": "sha512-dKQiRHxGD9PPRIUNIWvZhPTPpl1rf/OxTYKsqKUDjBwYylTvV7SjSHJb9ratfyzM6wCdLCOYLzs73qpg5c4iGA==",
            "requires": {
                "follow-redirects": "^1.10.0"
            }
        },
        "follow-redirects": {
            "version": "1.14.1",
            "resolved": "https://registry.npmjs.org/follow-redirects/-/follow-redirects-1.14.1.tgz",
            "integrity": "sha512-HWqDgT7ZEkqRzBvc2s64vSZ/hfOceEol3ac/7tKwzuvEyWx3/4UegXh5oBOIotkGsObyk3xznnSRVADBgWSQVg=="
        },
        "mobx": {
            "version": "6.3.2",
            "resolved": "https://registry.npmjs.org/mobx/-/mobx-6.3.2.tgz",
            "integrity": "sha512-xGPM9dIE1qkK9Nrhevp0gzpsmELKU4MFUJRORW/jqxVFIHHWIoQrjDjL8vkwoJYY3C2CeVJqgvl38hgKTalTWg=="
        },
        "mobx-state-tree": {
            "version": "5.0.1",
            "resolved": "https://registry.npmjs.org/mobx-state-tree/-/mobx-state-tree-5.0.1.tgz",
            "integrity": "sha512-XZafwF1sJe6sp8L1kgf9Tz0SLo/UPf2pxsonnHaBQNsqbebw+0GC+IT3WxPEIe0/aQ73q4nY4SRgW1uyfd1KRA=="
        },
        "typescript": {
            "version": "4.3.2",
            "resolved": "https://registry.npmjs.org/typescript/-/typescript-4.3.2.tgz",
            "integrity": "sha512-zZ4hShnmnoVnAHpVHWpTcxdv7dWP60S2FsydQLV8V5PbS3FifjWFFRiHSWpDJahly88PRyV5teTSLoq4eG7mKw==",
            "dev": true
        }
    }
}
